{
  "name": "spacewar",
  "version": "1.0.0",
  "lockfileVersion": 1,
  "requires": true,
  "dependencies": {
    "lodash": {
      "version": "4.17.5",
      "resolved": "https://registry.npmjs.org/lodash/-/lodash-4.17.5.tgz",
      "integrity": "sha512-svL3uiZf1RwhH+cWrfZn3A4+U58wbP0tGVTLQPbjplZxZ8ROD9VLuNgsRniTlLe7OlSqR79RUehXgpBW/s0IQw=="
    },
    "tone": {
      "version": "0.12.80",
      "resolved": "https://registry.npmjs.org/tone/-/tone-0.12.80.tgz",
      "integrity": "sha512-xCriTn1may1ZzfYYwxXW8pNj0W1XScc21ZLSd/itoTa3s0vMO1LlN23UYvHwUduL45xuY+Rw/e87LmqP3mW43Q=="
    }
  }
}
